hash: e390770fcd37bb7e0317b041e72ba7ef80c5e40afc7b74ffacf8f552d0ab1e6c
updated: 2018-12-28T12:22:23.065086043+06:00
imports:
- name: github.com/gorilla/context
  version: 51ce91d2eaddeca0ef29a71d766bb3634dadf729
- name: github.com/gorilla/mux
  version: e3702bed27f0d39777b0b37b664b6280e8ef8fbf
- name: github.com/kr/pretty
  version: 73f6ac0b30a98e433b289500d779f50c1a6f0712
- name: github.com/kr/text
  version: e2ffdb16a802fe2bb95e2e35ff34f0e53aeef34f
testImports: []
